
Microsoft Visual Studio Solution File, Format Version 12.00
# Visual Studio Version 16
VisualStudioVersion = 16.0.30011.22
MinimumVisualStudioVersion = 10.0.40219.1
Project("{8BC9CEB8-8B4A-11D0-8D11-00A0C91BC942}") = "bonusLab11", "bonusLab11.vcxproj", "{EB263696-DE5C-42A7-8529-9A7E72B48ADA}"
EndProject
Global
	GlobalSection(SolutionConfigurationPlatforms) = preSolution
		Debug|x64 = Debug|x64
		Release|x64 = Release|x64
	EndGlobalSection
	GlobalSection(ProjectConfigurationPlatforms) = postSolution
		{EB263696-DE5C-42A7-8529-9A7E72B48ADA}.Debug|x64.ActiveCfg = Debug|x64
		{EB263696-DE5C-42A7-8529-9A7E72B48ADA}.Debug|x64.Build.0 = Debug|x64
		{EB263696-DE5C-42A7-8529-9A7E72B48ADA}.Release|x64.ActiveCfg = Release|x64
		{EB263696-DE5C-42A7-8529-9A7E72B48ADA}.Release|x64.Build.0 = Release|x64
	EndGlobalSection
	GlobalSection(SolutionProperties) = preSolution
		HideSolutionNode = FALSE
	EndGlobalSection
	GlobalSection(ExtensibilityGlobals) = postSolution
		SolutionGuid = {F027C736-BE6A-4FF3-8DF6-5A35D8F6BAD6}
	EndGlobalSection
EndGlobal
