
Microsoft Visual Studio Solution File, Format Version 12.00
# Visual Studio Version 16
VisualStudioVersion = 16.0.30011.22
MinimumVisualStudioVersion = 10.0.40219.1
Project("{8BC9CEB8-8B4A-11D0-8D11-00A0C91BC942}") = "Bachelor Thesis", "Bachelor Thesis.vcxproj", "{457C98B7-10A6-4FA2-8504-7993BC1797DF}"
EndProject
Global
	GlobalSection(SolutionConfigurationPlatforms) = preSolution
		Debug|x64 = Debug|x64
		Release|x64 = Release|x64
	EndGlobalSection
	GlobalSection(ProjectConfigurationPlatforms) = postSolution
		{457C98B7-10A6-4FA2-8504-7993BC1797DF}.Debug|x64.ActiveCfg = Debug|x64
		{457C98B7-10A6-4FA2-8504-7993BC1797DF}.Debug|x64.Build.0 = Debug|x64
		{457C98B7-10A6-4FA2-8504-7993BC1797DF}.Release|x64.ActiveCfg = Release|x64
		{457C98B7-10A6-4FA2-8504-7993BC1797DF}.Release|x64.Build.0 = Release|x64
	EndGlobalSection
	GlobalSection(SolutionProperties) = preSolution
		HideSolutionNode = FALSE
	EndGlobalSection
	GlobalSection(ExtensibilityGlobals) = postSolution
		SolutionGuid = {C618DADA-8614-4012-B009-237A2C0C5970}
	EndGlobalSection
EndGlobal
